// !$*UTF8*$!
{
	archiveVersion = 1;
	classes = {
	};
	objectVersion = 46;
	objects = {

/* Begin PBXBuildFile section */
		CA05FABA1DFE829100011EB9 /* ChuckCRView.m in Sources */ = {isa = PBXBuildFile; fileRef = CA05FAB91DFE829100011EB9 /* ChuckCRView.m */; };
		CA283EA01E1CD93C00202F14 /* EnterController.m in Sources */ = {isa = PBXBuildFile; fileRef = CA283E9F1E1CD93C00202F14 /* EnterController.m */; };
		CA283EA31E1CD9D100202F14 /* StarCardController.m in Sources */ = {isa = PBXBuildFile; fileRef = CA283EA21E1CD9D100202F14 /* StarCardController.m */; };
		CA283EA81E1CE46500202F14 /* CollectCellTopBar.m in Sources */ = {isa = PBXBuildFile; fileRef = CA283EA61E1CE46500202F14 /* CollectCellTopBar.m */; };
		CA283EA91E1CE46500202F14 /* CollectCellTopBar.xib in Resources */ = {isa = PBXBuildFile; fileRef = CA283EA71E1CE46500202F14 /* CollectCellTopBar.xib */; };
		CA283EAC1E1CE8C200202F14 /* starcart.png in Resources */ = {isa = PBXBuildFile; fileRef = CA283EAB1E1CE8C200202F14 /* starcart.png */; };
		CA283EAE1E1CE90500202F14 /* starcardbg.png in Resources */ = {isa = PBXBuildFile; fileRef = CA283EAD1E1CE90500202F14 /* starcardbg.png */; };
		CA283EB21E1CEAF800202F14 /* CollectCellContent.m in Sources */ = {isa = PBXBuildFile; fileRef = CA283EB01E1CEAF800202F14 /* CollectCellContent.m */; };
		CA283EB31E1CEAF800202F14 /* CollectCellContent.xib in Resources */ = {isa = PBXBuildFile; fileRef = CA283EB11E1CEAF800202F14 /* CollectCellContent.xib */; };
		CA283EB71E1CEB0C00202F14 /* CollectCellBottomBar.m in Sources */ = {isa = PBXBuildFile; fileRef = CA283EB51E1CEB0C00202F14 /* CollectCellBottomBar.m */; };
		CA283EB81E1CEB0C00202F14 /* CollectCellBottomBar.xib in Resources */ = {isa = PBXBuildFile; fileRef = CA283EB61E1CEB0C00202F14 /* CollectCellBottomBar.xib */; };
		CA283EBC1E1CF05B00202F14 /* CCellUserNum.m in Sources */ = {isa = PBXBuildFile; fileRef = CA283EBA1E1CF05B00202F14 /* CCellUserNum.m */; };
		CA283EBD1E1CF05B00202F14 /* CCellUserNum.xib in Resources */ = {isa = PBXBuildFile; fileRef = CA283EBB1E1CF05B00202F14 /* CCellUserNum.xib */; };
		CA283EC11E1CF7E800202F14 /* CCellMonth.m in Sources */ = {isa = PBXBuildFile; fileRef = CA283EBF1E1CF7E800202F14 /* CCellMonth.m */; };
		CA283EC21E1CF7E800202F14 /* CCellMonth.xib in Resources */ = {isa = PBXBuildFile; fileRef = CA283EC01E1CF7E800202F14 /* CCellMonth.xib */; };
		CA283EC61E1D059800202F14 /* CCellAcount.m in Sources */ = {isa = PBXBuildFile; fileRef = CA283EC41E1D059800202F14 /* CCellAcount.m */; };
		CA283EC71E1D059800202F14 /* CCellAcount.xib in Resources */ = {isa = PBXBuildFile; fileRef = CA283EC51E1D059800202F14 /* CCellAcount.xib */; };
		CA45F5DC1E0A5FE0009A0E84 /* CCellHomeCell.m in Sources */ = {isa = PBXBuildFile; fileRef = CA45F5D71E0A5FE0009A0E84 /* CCellHomeCell.m */; };
		CA45F5DD1E0A5FE0009A0E84 /* CCellHomeHeader.m in Sources */ = {isa = PBXBuildFile; fileRef = CA45F5D91E0A5FE0009A0E84 /* CCellHomeHeader.m */; };
		CA45F5DE1E0A5FE0009A0E84 /* CCellTopBar.m in Sources */ = {isa = PBXBuildFile; fileRef = CA45F5DB1E0A5FE0009A0E84 /* CCellTopBar.m */; };
		CA45F5E11E0A6068009A0E84 /* UtilScreenSize.m in Sources */ = {isa = PBXBuildFile; fileRef = CA45F5E01E0A6068009A0E84 /* UtilScreenSize.m */; };
		CA45F5E41E0A6192009A0E84 /* UIView+Metrics.m in Sources */ = {isa = PBXBuildFile; fileRef = CA45F5E31E0A6192009A0E84 /* UIView+Metrics.m */; };
		CAC3996F1DEEBFED00252721 /* CollectController.m in Sources */ = {isa = PBXBuildFile; fileRef = CAC3996E1DEEBFED00252721 /* CollectController.m */; };
		CAC399751DEEE0A000252721 /* ChuckCCell.m in Sources */ = {isa = PBXBuildFile; fileRef = CAC399741DEEE0A000252721 /* ChuckCCell.m */; };
		CAC9D44D1E039E6700AC2842 /* ChuckCollectionView.m in Sources */ = {isa = PBXBuildFile; fileRef = CAC9D43B1E039E6700AC2842 /* ChuckCollectionView.m */; };
		CAC9D44E1E039E6700AC2842 /* ChuckLayout.m in Sources */ = {isa = PBXBuildFile; fileRef = CAC9D43E1E039E6700AC2842 /* ChuckLayout.m */; };
		CAC9D44F1E039E6700AC2842 /* ChuckModel.m in Sources */ = {isa = PBXBuildFile; fileRef = CAC9D4401E039E6700AC2842 /* ChuckModel.m */; };
		CAC9D4501E039E6700AC2842 /* ChuckTableView.m in Sources */ = {isa = PBXBuildFile; fileRef = CAC9D4421E039E6700AC2842 /* ChuckTableView.m */; };
		CAC9D4511E039E6700AC2842 /* HeadFootModel.m in Sources */ = {isa = PBXBuildFile; fileRef = CAC9D4441E039E6700AC2842 /* HeadFootModel.m */; };
		CAC9D4521E039E6700AC2842 /* NSMutableArray+Chuck.m in Sources */ = {isa = PBXBuildFile; fileRef = CAC9D4461E039E6700AC2842 /* NSMutableArray+Chuck.m */; };
		CAC9D4531E039E6700AC2842 /* UICollectionReusableView+Chuck.m in Sources */ = {isa = PBXBuildFile; fileRef = CAC9D4481E039E6700AC2842 /* UICollectionReusableView+Chuck.m */; };
		CAC9D4541E039E6700AC2842 /* UICollectionViewCell+Chuck.m in Sources */ = {isa = PBXBuildFile; fileRef = CAC9D44A1E039E6700AC2842 /* UICollectionViewCell+Chuck.m */; };
		CAC9D4551E039E6700AC2842 /* UITableViewCell+Chuck.m in Sources */ = {isa = PBXBuildFile; fileRef = CAC9D44C1E039E6700AC2842 /* UITableViewCell+Chuck.m */; };
		F47BEB411DC5F9FA00E6F225 /* SimpleController.m in Sources */ = {isa = PBXBuildFile; fileRef = F47BEB401DC5F9FA00E6F225 /* SimpleController.m */; };
		F48085A41DC2F55700D22552 /* main.m in Sources */ = {isa = PBXBuildFile; fileRef = F48085A31DC2F55700D22552 /* main.m */; };
		F48085A71DC2F55800D22552 /* AppDelegate.m in Sources */ = {isa = PBXBuildFile; fileRef = F48085A61DC2F55800D22552 /* AppDelegate.m */; };
		F48085AA1DC2F55800D22552 /* ViewController.m in Sources */ = {isa = PBXBuildFile; fileRef = F48085A91DC2F55800D22552 /* ViewController.m */; };
		F48085AD1DC2F55800D22552 /* Main.storyboard in Resources */ = {isa = PBXBuildFile; fileRef = F48085AB1DC2F55800D22552 /* Main.storyboard */; };
		F48085AF1DC2F55800D22552 /* Assets.xcassets in Resources */ = {isa = PBXBuildFile; fileRef = F48085AE1DC2F55800D22552 /* Assets.xcassets */; };
		F48085B21DC2F55800D22552 /* LaunchScreen.storyboard in Resources */ = {isa = PBXBuildFile; fileRef = F48085B01DC2F55800D22552 /* LaunchScreen.storyboard */; };
		F48085BD1DC2F55800D22552 /* ChuckTableViewTests.m in Sources */ = {isa = PBXBuildFile; fileRef = F48085BC1DC2F55800D22552 /* ChuckTableViewTests.m */; };
		F48085C81DC2F55800D22552 /* ChuckTableViewUITests.m in Sources */ = {isa = PBXBuildFile; fileRef = F48085C71DC2F55800D22552 /* ChuckTableViewUITests.m */; };
		F48085DF1DC300E700D22552 /* ChuckCell.m in Sources */ = {isa = PBXBuildFile; fileRef = F48085DE1DC300E700D22552 /* ChuckCell.m */; };
		F4B9DD7A1DC4CB120064A605 /* XibAutpHeightCell.m in Sources */ = {isa = PBXBuildFile; fileRef = F4B9DD781DC4CB120064A605 /* XibAutpHeightCell.m */; };
		F4B9DD7B1DC4CB120064A605 /* XibAutpHeightCell.xib in Resources */ = {isa = PBXBuildFile; fileRef = F4B9DD791DC4CB120064A605 /* XibAutpHeightCell.xib */; };
/* End PBXBuildFile section */

/* Begin PBXContainerItemProxy section */
		F48085B91DC2F55800D22552 /* PBXContainerItemProxy */ = {
			isa = PBXContainerItemProxy;
			containerPortal = F48085971DC2F55700D22552 /* Project object */;
			proxyType = 1;
			remoteGlobalIDString = F480859E1DC2F55700D22552;
			remoteInfo = ChuckTableView;
		};
		F48085C41DC2F55800D22552 /* PBXContainerItemProxy */ = {
			isa = PBXContainerItemProxy;
			containerPortal = F48085971DC2F55700D22552 /* Project object */;
			proxyType = 1;
			remoteGlobalIDString = F480859E1DC2F55700D22552;
			remoteInfo = ChuckTableView;
		};
/* End PBXContainerItemProxy section */

/* Begin PBXFileReference section */
		CA05FAB81DFE829100011EB9 /* ChuckCRView.h */ = {isa = PBXFileReference; fileEncoding = 4; lastKnownFileType = sourcecode.c.h; path = ChuckCRView.h; sourceTree = "<group>"; };
		CA05FAB91DFE829100011EB9 /* ChuckCRView.m */ = {isa = PBXFileReference; fileEncoding = 4; lastKnownFileType = sourcecode.c.objc; path = ChuckCRView.m; sourceTree = "<group>"; };
		CA283E9E1E1CD93C00202F14 /* EnterController.h */ = {isa = PBXFileReference; fileEncoding = 4; lastKnownFileType = sourcecode.c.h; path = EnterController.h; sourceTree = "<group>"; };
		CA283E9F1E1CD93C00202F14 /* EnterController.m */ = {isa = PBXFileReference; fileEncoding = 4; lastKnownFileType = sourcecode.c.objc; path = EnterController.m; sourceTree = "<group>"; };
		CA283EA11E1CD9D100202F14 /* StarCardController.h */ = {isa = PBXFileReference; fileEncoding = 4; lastKnownFileType = sourcecode.c.h; path = StarCardController.h; sourceTree = "<group>"; };
		CA283EA21E1CD9D100202F14 /* StarCardController.m */ = {isa = PBXFileReference; fileEncoding = 4; lastKnownFileType = sourcecode.c.objc; path = StarCardController.m; sourceTree = "<group>"; };
		CA283EA51E1CE46500202F14 /* CollectCellTopBar.h */ = {isa = PBXFileReference; fileEncoding = 4; lastKnownFileType = sourcecode.c.h; path = CollectCellTopBar.h; sourceTree = "<group>"; };
		CA283EA61E1CE46500202F14 /* CollectCellTopBar.m */ = {isa = PBXFileReference; fileEncoding = 4; lastKnownFileType = sourcecode.c.objc; path = CollectCellTopBar.m; sourceTree = "<group>"; };
		CA283EA71E1CE46500202F14 /* CollectCellTopBar.xib */ = {isa = PBXFileReference; fileEncoding = 4; lastKnownFileType = file.xib; path = CollectCellTopBar.xib; sourceTree = "<group>"; };
		CA283EAB1E1CE8C200202F14 /* starcart.png */ = {isa = PBXFileReference; lastKnownFileType = image.png; path = starcart.png; sourceTree = "<group>"; };
		CA283EAD1E1CE90500202F14 /* starcardbg.png */ = {isa = PBXFileReference; lastKnownFileType = image.png; path = starcardbg.png; sourceTree = "<group>"; };
		CA283EAF1E1CEAF800202F14 /* CollectCellContent.h */ = {isa = PBXFileReference; fileEncoding = 4; lastKnownFileType = sourcecode.c.h; path = CollectCellContent.h; sourceTree = "<group>"; };
		CA283EB01E1CEAF800202F14 /* CollectCellContent.m */ = {isa = PBXFileReference; fileEncoding = 4; lastKnownFileType = sourcecode.c.objc; path = CollectCellContent.m; sourceTree = "<group>"; };
		CA283EB11E1CEAF800202F14 /* CollectCellContent.xib */ = {isa = PBXFileReference; fileEncoding = 4; lastKnownFileType = file.xib; path = CollectCellContent.xib; sourceTree = "<group>"; };
		CA283EB41E1CEB0C00202F14 /* CollectCellBottomBar.h */ = {isa = PBXFileReference; fileEncoding = 4; lastKnownFileType = sourcecode.c.h; path = CollectCellBottomBar.h; sourceTree = "<group>"; };
		CA283EB51E1CEB0C00202F14 /* CollectCellBottomBar.m */ = {isa = PBXFileReference; fileEncoding = 4; lastKnownFileType = sourcecode.c.objc; path = CollectCellBottomBar.m; sourceTree = "<group>"; };
		CA283EB61E1CEB0C00202F14 /* CollectCellBottomBar.xib */ = {isa = PBXFileReference; fileEncoding = 4; lastKnownFileType = file.xib; path = CollectCellBottomBar.xib; sourceTree = "<group>"; };
		CA283EB91E1CF05B00202F14 /* CCellUserNum.h */ = {isa = PBXFileReference; fileEncoding = 4; lastKnownFileType = sourcecode.c.h; path = CCellUserNum.h; sourceTree = "<group>"; };
		CA283EBA1E1CF05B00202F14 /* CCellUserNum.m */ = {isa = PBXFileReference; fileEncoding = 4; lastKnownFileType = sourcecode.c.objc; path = CCellUserNum.m; sourceTree = "<group>"; };
		CA283EBB1E1CF05B00202F14 /* CCellUserNum.xib */ = {isa = PBXFileReference; fileEncoding = 4; lastKnownFileType = file.xib; path = CCellUserNum.xib; sourceTree = "<group>"; };
		CA283EBE1E1CF7E800202F14 /* CCellMonth.h */ = {isa = PBXFileReference; fileEncoding = 4; lastKnownFileType = sourcecode.c.h; path = CCellMonth.h; sourceTree = "<group>"; };
		CA283EBF1E1CF7E800202F14 /* CCellMonth.m */ = {isa = PBXFileReference; fileEncoding = 4; lastKnownFileType = sourcecode.c.objc; path = CCellMonth.m; sourceTree = "<group>"; };
		CA283EC01E1CF7E800202F14 /* CCellMonth.xib */ = {isa = PBXFileReference; fileEncoding = 4; lastKnownFileType = file.xib; path = CCellMonth.xib; sourceTree = "<group>"; };
		CA283EC31E1D059800202F14 /* CCellAcount.h */ = {isa = PBXFileReference; fileEncoding = 4; lastKnownFileType = sourcecode.c.h; path = CCellAcount.h; sourceTree = "<group>"; };
		CA283EC41E1D059800202F14 /* CCellAcount.m */ = {isa = PBXFileReference; fileEncoding = 4; lastKnownFileType = sourcecode.c.objc; path = CCellAcount.m; sourceTree = "<group>"; };
		CA283EC51E1D059800202F14 /* CCellAcount.xib */ = {isa = PBXFileReference; fileEncoding = 4; lastKnownFileType = file.xib; path = CCellAcount.xib; sourceTree = "<group>"; };
		CA45F5D61E0A5FE0009A0E84 /* CCellHomeCell.h */ = {isa = PBXFileReference; fileEncoding = 4; lastKnownFileType = sourcecode.c.h; path = CCellHomeCell.h; sourceTree = "<group>"; };
		CA45F5D71E0A5FE0009A0E84 /* CCellHomeCell.m */ = {isa = PBXFileReference; fileEncoding = 4; lastKnownFileType = sourcecode.c.objc; path = CCellHomeCell.m; sourceTree = "<group>"; };
		CA45F5D81E0A5FE0009A0E84 /* CCellHomeHeader.h */ = {isa = PBXFileReference; fileEncoding = 4; lastKnownFileType = sourcecode.c.h; path = CCellHomeHeader.h; sourceTree = "<group>"; };
		CA45F5D91E0A5FE0009A0E84 /* CCellHomeHeader.m */ = {isa = PBXFileReference; fileEncoding = 4; lastKnownFileType = sourcecode.c.objc; path = CCellHomeHeader.m; sourceTree = "<group>"; };
		CA45F5DA1E0A5FE0009A0E84 /* CCellTopBar.h */ = {isa = PBXFileReference; fileEncoding = 4; lastKnownFileType = sourcecode.c.h; path = CCellTopBar.h; sourceTree = "<group>"; };
		CA45F5DB1E0A5FE0009A0E84 /* CCellTopBar.m */ = {isa = PBXFileReference; fileEncoding = 4; lastKnownFileType = sourcecode.c.objc; path = CCellTopBar.m; sourceTree = "<group>"; };
		CA45F5DF1E0A6068009A0E84 /* UtilScreenSize.h */ = {isa = PBXFileReference; fileEncoding = 4; lastKnownFileType = sourcecode.c.h; path = UtilScreenSize.h; sourceTree = "<group>"; };
		CA45F5E01E0A6068009A0E84 /* UtilScreenSize.m */ = {isa = PBXFileReference; fileEncoding = 4; lastKnownFileType = sourcecode.c.objc; path = UtilScreenSize.m; sourceTree = "<group>"; };
		CA45F5E21E0A6192009A0E84 /* UIView+Metrics.h */ = {isa = PBXFileReference; fileEncoding = 4; lastKnownFileType = sourcecode.c.h; path = "UIView+Metrics.h"; sourceTree = "<group>"; };
		CA45F5E31E0A6192009A0E84 /* UIView+Metrics.m */ = {isa = PBXFileReference; fileEncoding = 4; lastKnownFileType = sourcecode.c.objc; path = "UIView+Metrics.m"; sourceTree = "<group>"; };
		CAC3996D1DEEBFED00252721 /* CollectController.h */ = {isa = PBXFileReference; fileEncoding = 4; lastKnownFileType = sourcecode.c.h; path = CollectController.h; sourceTree = "<group>"; };
		CAC3996E1DEEBFED00252721 /* CollectController.m */ = {isa = PBXFileReference; fileEncoding = 4; lastKnownFileType = sourcecode.c.objc; path = CollectController.m; sourceTree = "<group>"; };
		CAC399731DEEE0A000252721 /* ChuckCCell.h */ = {isa = PBXFileReference; fileEncoding = 4; lastKnownFileType = sourcecode.c.h; path = ChuckCCell.h; sourceTree = "<group>"; };
		CAC399741DEEE0A000252721 /* ChuckCCell.m */ = {isa = PBXFileReference; fileEncoding = 4; lastKnownFileType = sourcecode.c.objc; path = ChuckCCell.m; sourceTree = "<group>"; };
		CAC9D4391E039E6700AC2842 /* ChuckCellConfigure.h */ = {isa = PBXFileReference; fileEncoding = 4; lastKnownFileType = sourcecode.c.h; path = ChuckCellConfigure.h; sourceTree = "<group>"; };
		CAC9D43A1E039E6700AC2842 /* ChuckCollectionView.h */ = {isa = PBXFileReference; fileEncoding = 4; lastKnownFileType = sourcecode.c.h; path = ChuckCollectionView.h; sourceTree = "<group>"; };
		CAC9D43B1E039E6700AC2842 /* ChuckCollectionView.m */ = {isa = PBXFileReference; fileEncoding = 4; lastKnownFileType = sourcecode.c.objc; path = ChuckCollectionView.m; sourceTree = "<group>"; };
		CAC9D43C1E039E6700AC2842 /* ChuckDelegate.h */ = {isa = PBXFileReference; fileEncoding = 4; lastKnownFileType = sourcecode.c.h; path = ChuckDelegate.h; sourceTree = "<group>"; };
		CAC9D43D1E039E6700AC2842 /* ChuckLayout.h */ = {isa = PBXFileReference; fileEncoding = 4; lastKnownFileType = sourcecode.c.h; path = ChuckLayout.h; sourceTree = "<group>"; };
		CAC9D43E1E039E6700AC2842 /* ChuckLayout.m */ = {isa = PBXFileReference; fileEncoding = 4; lastKnownFileType = sourcecode.c.objc; path = ChuckLayout.m; sourceTree = "<group>"; };
		CAC9D43F1E039E6700AC2842 /* ChuckModel.h */ = {isa = PBXFileReference; fileEncoding = 4; lastKnownFileType = sourcecode.c.h; path = ChuckModel.h; sourceTree = "<group>"; };
		CAC9D4401E039E6700AC2842 /* ChuckModel.m */ = {isa = PBXFileReference; fileEncoding = 4; lastKnownFileType = sourcecode.c.objc; path = ChuckModel.m; sourceTree = "<group>"; };
		CAC9D4411E039E6700AC2842 /* ChuckTableView.h */ = {isa = PBXFileReference; fileEncoding = 4; lastKnownFileType = sourcecode.c.h; path = ChuckTableView.h; sourceTree = "<group>"; };
		CAC9D4421E039E6700AC2842 /* ChuckTableView.m */ = {isa = PBXFileReference; fileEncoding = 4; lastKnownFileType = sourcecode.c.objc; path = ChuckTableView.m; sourceTree = "<group>"; };
		CAC9D4431E039E6700AC2842 /* HeadFootModel.h */ = {isa = PBXFileReference; fileEncoding = 4; lastKnownFileType = sourcecode.c.h; path = HeadFootModel.h; sourceTree = "<group>"; };
		CAC9D4441E039E6700AC2842 /* HeadFootModel.m */ = {isa = PBXFileReference; fileEncoding = 4; lastKnownFileType = sourcecode.c.objc; path = HeadFootModel.m; sourceTree = "<group>"; };
		CAC9D4451E039E6700AC2842 /* NSMutableArray+Chuck.h */ = {isa = PBXFileReference; fileEncoding = 4; lastKnownFileType = sourcecode.c.h; path = "NSMutableArray+Chuck.h"; sourceTree = "<group>"; };
		CAC9D4461E039E6700AC2842 /* NSMutableArray+Chuck.m */ = {isa = PBXFileReference; fileEncoding = 4; lastKnownFileType = sourcecode.c.objc; path = "NSMutableArray+Chuck.m"; sourceTree = "<group>"; };
		CAC9D4471E039E6700AC2842 /* UICollectionReusableView+Chuck.h */ = {isa = PBXFileReference; fileEncoding = 4; lastKnownFileType = sourcecode.c.h; path = "UICollectionReusableView+Chuck.h"; sourceTree = "<group>"; };
		CAC9D4481E039E6700AC2842 /* UICollectionReusableView+Chuck.m */ = {isa = PBXFileReference; fileEncoding = 4; lastKnownFileType = sourcecode.c.objc; path = "UICollectionReusableView+Chuck.m"; sourceTree = "<group>"; };
		CAC9D4491E039E6700AC2842 /* UICollectionViewCell+Chuck.h */ = {isa = PBXFileReference; fileEncoding = 4; lastKnownFileType = sourcecode.c.h; path = "UICollectionViewCell+Chuck.h"; sourceTree = "<group>"; };
		CAC9D44A1E039E6700AC2842 /* UICollectionViewCell+Chuck.m */ = {isa = PBXFileReference; fileEncoding = 4; lastKnownFileType = sourcecode.c.objc; path = "UICollectionViewCell+Chuck.m"; sourceTree = "<group>"; };
		CAC9D44B1E039E6700AC2842 /* UITableViewCell+Chuck.h */ = {isa = PBXFileReference; fileEncoding = 4; lastKnownFileType = sourcecode.c.h; path = "UITableViewCell+Chuck.h"; sourceTree = "<group>"; };
		CAC9D44C1E039E6700AC2842 /* UITableViewCell+Chuck.m */ = {isa = PBXFileReference; fileEncoding = 4; lastKnownFileType = sourcecode.c.objc; path = "UITableViewCell+Chuck.m"; sourceTree = "<group>"; };
		F47BEB3F1DC5F9FA00E6F225 /* SimpleController.h */ = {isa = PBXFileReference; fileEncoding = 4; lastKnownFileType = sourcecode.c.h; path = SimpleController.h; sourceTree = "<group>"; };
		F47BEB401DC5F9FA00E6F225 /* SimpleController.m */ = {isa = PBXFileReference; fileEncoding = 4; lastKnownFileType = sourcecode.c.objc; path = SimpleController.m; sourceTree = "<group>"; };
		F480859F1DC2F55700D22552 /* ChuckTableView.app */ = {isa = PBXFileReference; explicitFileType = wrapper.application; includeInIndex = 0; path = ChuckTableView.app; sourceTree = BUILT_PRODUCTS_DIR; };
		F48085A31DC2F55700D22552 /* main.m */ = {isa = PBXFileReference; lastKnownFileType = sourcecode.c.objc; path = main.m; sourceTree = "<group>"; };
		F48085A51DC2F55700D22552 /* AppDelegate.h */ = {isa = PBXFileReference; lastKnownFileType = sourcecode.c.h; path = AppDelegate.h; sourceTree = "<group>"; };
		F48085A61DC2F55800D22552 /* AppDelegate.m */ = {isa = PBXFileReference; lastKnownFileType = sourcecode.c.objc; path = AppDelegate.m; sourceTree = "<group>"; };
		F48085A81DC2F55800D22552 /* ViewController.h */ = {isa = PBXFileReference; lastKnownFileType = sourcecode.c.h; path = ViewController.h; sourceTree = "<group>"; };
		F48085A91DC2F55800D22552 /* ViewController.m */ = {isa = PBXFileReference; lastKnownFileType = sourcecode.c.objc; path = ViewController.m; sourceTree = "<group>"; };
		F48085AC1DC2F55800D22552 /* Base */ = {isa = PBXFileReference; lastKnownFileType = file.storyboard; name = Base; path = Base.lproj/Main.storyboard; sourceTree = "<group>"; };
		F48085AE1DC2F55800D22552 /* Assets.xcassets */ = {isa = PBXFileReference; lastKnownFileType = folder.assetcatalog; path = Assets.xcassets; sourceTree = "<group>"; };
		F48085B11DC2F55800D22552 /* Base */ = {isa = PBXFileReference; lastKnownFileType = file.storyboard; name = Base; path = Base.lproj/LaunchScreen.storyboard; sourceTree = "<group>"; };
		F48085B31DC2F55800D22552 /* Info.plist */ = {isa = PBXFileReference; lastKnownFileType = text.plist.xml; path = Info.plist; sourceTree = "<group>"; };
		F48085B81DC2F55800D22552 /* ChuckTableViewTests.xctest */ = {isa = PBXFileReference; explicitFileType = wrapper.cfbundle; includeInIndex = 0; path = ChuckTableViewTests.xctest; sourceTree = BUILT_PRODUCTS_DIR; };
		F48085BC1DC2F55800D22552 /* ChuckTableViewTests.m */ = {isa = PBXFileReference; lastKnownFileType = sourcecode.c.objc; path = ChuckTableViewTests.m; sourceTree = "<group>"; };
		F48085BE1DC2F55800D22552 /* Info.plist */ = {isa = PBXFileReference; lastKnownFileType = text.plist.xml; path = Info.plist; sourceTree = "<group>"; };
		F48085C31DC2F55800D22552 /* ChuckTableViewUITests.xctest */ = {isa = PBXFileReference; explicitFileType = wrapper.cfbundle; includeInIndex = 0; path = ChuckTableViewUITests.xctest; sourceTree = BUILT_PRODUCTS_DIR; };
		F48085C71DC2F55800D22552 /* ChuckTableViewUITests.m */ = {isa = PBXFileReference; lastKnownFileType = sourcecode.c.objc; path = ChuckTableViewUITests.m; sourceTree = "<group>"; };
		F48085C91DC2F55800D22552 /* Info.plist */ = {isa = PBXFileReference; lastKnownFileType = text.plist.xml; path = Info.plist; sourceTree = "<group>"; };
		F48085DD1DC300E700D22552 /* ChuckCell.h */ = {isa = PBXFileReference; fileEncoding = 4; lastKnownFileType = sourcecode.c.h; path = ChuckCell.h; sourceTree = "<group>"; };
		F48085DE1DC300E700D22552 /* ChuckCell.m */ = {isa = PBXFileReference; fileEncoding = 4; lastKnownFileType = sourcecode.c.objc; path = ChuckCell.m; sourceTree = "<group>"; };
		F4B9DD771DC4CB120064A605 /* XibAutpHeightCell.h */ = {isa = PBXFileReference; fileEncoding = 4; lastKnownFileType = sourcecode.c.h; path = XibAutpHeightCell.h; sourceTree = "<group>"; };
		F4B9DD781DC4CB120064A605 /* XibAutpHeightCell.m */ = {isa = PBXFileReference; fileEncoding = 4; lastKnownFileType = sourcecode.c.objc; path = XibAutpHeightCell.m; sourceTree = "<group>"; };
		F4B9DD791DC4CB120064A605 /* XibAutpHeightCell.xib */ = {isa = PBXFileReference; fileEncoding = 4; lastKnownFileType = file.xib; path = XibAutpHeightCell.xib; sourceTree = "<group>"; };
/* End PBXFileReference section */

/* Begin PBXFrameworksBuildPhase section */
		F480859C1DC2F55700D22552 /* Frameworks */ = {
			isa = PBXFrameworksBuildPhase;
			buildActionMask = 2147483647;
			files = (
			);
			runOnlyForDeploymentPostprocessing = 0;
		};
		F48085B51DC2F55800D22552 /* Frameworks */ = {
			isa = PBXFrameworksBuildPhase;
			buildActionMask = 2147483647;
			files = (
			);
			runOnlyForDeploymentPostprocessing = 0;
		};
		F48085C01DC2F55800D22552 /* Frameworks */ = {
			isa = PBXFrameworksBuildPhase;
			buildActionMask = 2147483647;
			files = (
			);
			runOnlyForDeploymentPostprocessing = 0;
		};
/* End PBXFrameworksBuildPhase section */

/* Begin PBXGroup section */
		CA283EA41E1CE42C00202F14 /* StarCard */ = {
			isa = PBXGroup;
			children = (
				CA283EA51E1CE46500202F14 /* CollectCellTopBar.h */,
				CA283EA61E1CE46500202F14 /* CollectCellTopBar.m */,
				CA283EA71E1CE46500202F14 /* CollectCellTopBar.xib */,
				CA283EAF1E1CEAF800202F14 /* CollectCellContent.h */,
				CA283EB01E1CEAF800202F14 /* CollectCellContent.m */,
				CA283EB11E1CEAF800202F14 /* CollectCellContent.xib */,
				CA283EB41E1CEB0C00202F14 /* CollectCellBottomBar.h */,
				CA283EB51E1CEB0C00202F14 /* CollectCellBottomBar.m */,
				CA283EB61E1CEB0C00202F14 /* CollectCellBottomBar.xib */,
				CA283EB91E1CF05B00202F14 /* CCellUserNum.h */,
				CA283EBA1E1CF05B00202F14 /* CCellUserNum.m */,
				CA283EBB1E1CF05B00202F14 /* CCellUserNum.xib */,
				CA283EBE1E1CF7E800202F14 /* CCellMonth.h */,
				CA283EBF1E1CF7E800202F14 /* CCellMonth.m */,
				CA283EC01E1CF7E800202F14 /* CCellMonth.xib */,
				CA283EC31E1D059800202F14 /* CCellAcount.h */,
				CA283EC41E1D059800202F14 /* CCellAcount.m */,
				CA283EC51E1D059800202F14 /* CCellAcount.xib */,
			);
			name = StarCard;
			sourceTree = "<group>";
		};
		CA283EAA1E1CE8B900202F14 /* img */ = {
			isa = PBXGroup;
			children = (
				CA283EAB1E1CE8C200202F14 /* starcart.png */,
				CA283EAD1E1CE90500202F14 /* starcardbg.png */,
			);
			name = img;
			sourceTree = "<group>";
		};
		CA45F5D51E0A5FE0009A0E84 /* CCell */ = {
			isa = PBXGroup;
			children = (
				CA283EA41E1CE42C00202F14 /* StarCard */,
				CA45F5D61E0A5FE0009A0E84 /* CCellHomeCell.h */,
				CA45F5D71E0A5FE0009A0E84 /* CCellHomeCell.m */,
				CA45F5D81E0A5FE0009A0E84 /* CCellHomeHeader.h */,
				CA45F5D91E0A5FE0009A0E84 /* CCellHomeHeader.m */,
				CA45F5DA1E0A5FE0009A0E84 /* CCellTopBar.h */,
				CA45F5DB1E0A5FE0009A0E84 /* CCellTopBar.m */,
			);
			path = CCell;
			sourceTree = "<group>";
		};
		CA9AF5CE1E1DE50A00B02567 /* controller */ = {
			isa = PBXGroup;
			children = (
				F48085A81DC2F55800D22552 /* ViewController.h */,
				F48085A91DC2F55800D22552 /* ViewController.m */,
				F47BEB3F1DC5F9FA00E6F225 /* SimpleController.h */,
				F47BEB401DC5F9FA00E6F225 /* SimpleController.m */,
				CAC3996D1DEEBFED00252721 /* CollectController.h */,
				CAC3996E1DEEBFED00252721 /* CollectController.m */,
				CA283EA11E1CD9D100202F14 /* StarCardController.h */,
				CA283EA21E1CD9D100202F14 /* StarCardController.m */,
			);
			name = controller;
			sourceTree = "<group>";
		};
		CAC9D4381E039E6700AC2842 /* ChuckTableViewLib */ = {
			isa = PBXGroup;
			children = (
				CAC9D4391E039E6700AC2842 /* ChuckCellConfigure.h */,
				CAC9D43A1E039E6700AC2842 /* ChuckCollectionView.h */,
				CAC9D43B1E039E6700AC2842 /* ChuckCollectionView.m */,
				CAC9D43C1E039E6700AC2842 /* ChuckDelegate.h */,
				CAC9D43D1E039E6700AC2842 /* ChuckLayout.h */,
				CAC9D43E1E039E6700AC2842 /* ChuckLayout.m */,
				CAC9D43F1E039E6700AC2842 /* ChuckModel.h */,
				CAC9D4401E039E6700AC2842 /* ChuckModel.m */,
				CAC9D4411E039E6700AC2842 /* ChuckTableView.h */,
				CAC9D4421E039E6700AC2842 /* ChuckTableView.m */,
				CAC9D4431E039E6700AC2842 /* HeadFootModel.h */,
				CAC9D4441E039E6700AC2842 /* HeadFootModel.m */,
				CAC9D4451E039E6700AC2842 /* NSMutableArray+Chuck.h */,
				CAC9D4461E039E6700AC2842 /* NSMutableArray+Chuck.m */,
				CAC9D4471E039E6700AC2842 /* UICollectionReusableView+Chuck.h */,
				CAC9D4481E039E6700AC2842 /* UICollectionReusableView+Chuck.m */,
				CAC9D4491E039E6700AC2842 /* UICollectionViewCell+Chuck.h */,
				CAC9D44A1E039E6700AC2842 /* UICollectionViewCell+Chuck.m */,
				CAC9D44B1E039E6700AC2842 /* UITableViewCell+Chuck.h */,
				CAC9D44C1E039E6700AC2842 /* UITableViewCell+Chuck.m */,
			);
			path = ChuckTableViewLib;
			sourceTree = SOURCE_ROOT;
		};
		F48085961DC2F55700D22552 = {
			isa = PBXGroup;
			children = (
				F48085A11DC2F55700D22552 /* ChuckTableView */,
				F48085BB1DC2F55800D22552 /* ChuckTableViewTests */,
				F48085C61DC2F55800D22552 /* ChuckTableViewUITests */,
				F48085A01DC2F55700D22552 /* Products */,
			);
			sourceTree = "<group>";
		};
		F48085A01DC2F55700D22552 /* Products */ = {
			isa = PBXGroup;
			children = (
				F480859F1DC2F55700D22552 /* ChuckTableView.app */,
				F48085B81DC2F55800D22552 /* ChuckTableViewTests.xctest */,
				F48085C31DC2F55800D22552 /* ChuckTableViewUITests.xctest */,
			);
			name = Products;
			sourceTree = "<group>";
		};
		F48085A11DC2F55700D22552 /* ChuckTableView */ = {
			isa = PBXGroup;
			children = (
				CAC9D4381E039E6700AC2842 /* ChuckTableViewLib */,
				CA283E9E1E1CD93C00202F14 /* EnterController.h */,
				CA283E9F1E1CD93C00202F14 /* EnterController.m */,
				CA9AF5CE1E1DE50A00B02567 /* controller */,
				CA283EAA1E1CE8B900202F14 /* img */,
				F4D43A0B1DC60F33007099B4 /* cell */,
				F48085A21DC2F55700D22552 /* Supporting Files */,
			);
			path = ChuckTableView;
			sourceTree = "<group>";
		};
		F48085A21DC2F55700D22552 /* Supporting Files */ = {
			isa = PBXGroup;
			children = (
				CA45F5E21E0A6192009A0E84 /* UIView+Metrics.h */,
				CA45F5E31E0A6192009A0E84 /* UIView+Metrics.m */,
				CA45F5DF1E0A6068009A0E84 /* UtilScreenSize.h */,
				CA45F5E01E0A6068009A0E84 /* UtilScreenSize.m */,
				F48085AB1DC2F55800D22552 /* Main.storyboard */,
				F48085AE1DC2F55800D22552 /* Assets.xcassets */,
				F48085B01DC2F55800D22552 /* LaunchScreen.storyboard */,
				F48085B31DC2F55800D22552 /* Info.plist */,
				F48085A51DC2F55700D22552 /* AppDelegate.h */,
				F48085A61DC2F55800D22552 /* AppDelegate.m */,
				F48085A31DC2F55700D22552 /* main.m */,
			);
			name = "Supporting Files";
			sourceTree = "<group>";
		};
		F48085BB1DC2F55800D22552 /* ChuckTableViewTests */ = {
			isa = PBXGroup;
			children = (
				F48085BC1DC2F55800D22552 /* ChuckTableViewTests.m */,
				F48085BE1DC2F55800D22552 /* Info.plist */,
			);
			path = ChuckTableViewTests;
			sourceTree = "<group>";
		};
		F48085C61DC2F55800D22552 /* ChuckTableViewUITests */ = {
			isa = PBXGroup;
			children = (
				F48085C71DC2F55800D22552 /* ChuckTableViewUITests.m */,
				F48085C91DC2F55800D22552 /* Info.plist */,
			);
			path = ChuckTableViewUITests;
			sourceTree = "<group>";
		};
		F4D43A0B1DC60F33007099B4 /* cell */ = {
			isa = PBXGroup;
			children = (
				CA45F5D51E0A5FE0009A0E84 /* CCell */,
				F48085DD1DC300E700D22552 /* ChuckCell.h */,
				F48085DE1DC300E700D22552 /* ChuckCell.m */,
				CAC399731DEEE0A000252721 /* ChuckCCell.h */,
				CAC399741DEEE0A000252721 /* ChuckCCell.m */,
				CA05FAB81DFE829100011EB9 /* ChuckCRView.h */,
				CA05FAB91DFE829100011EB9 /* ChuckCRView.m */,
				F4B9DD771DC4CB120064A605 /* XibAutpHeightCell.h */,
				F4B9DD781DC4CB120064A605 /* XibAutpHeightCell.m */,
				F4B9DD791DC4CB120064A605 /* XibAutpHeightCell.xib */,
			);
			name = cell;
			sourceTree = "<group>";
		};
/* End PBXGroup section */

/* Begin PBXNativeTarget section */
		F480859E1DC2F55700D22552 /* ChuckTableView */ = {
			isa = PBXNativeTarget;
			buildConfigurationList = F48085CC1DC2F55800D22552 /* Build configuration list for PBXNativeTarget "ChuckTableView" */;
			buildPhases = (
				F480859B1DC2F55700D22552 /* Sources */,
				F480859C1DC2F55700D22552 /* Frameworks */,
				F480859D1DC2F55700D22552 /* Resources */,
			);
			buildRules = (
			);
			dependencies = (
			);
			name = ChuckTableView;
			productName = ChuckTableView;
			productReference = F480859F1DC2F55700D22552 /* ChuckTableView.app */;
			productType = "com.apple.product-type.application";
		};
		F48085B71DC2F55800D22552 /* ChuckTableViewTests */ = {
			isa = PBXNativeTarget;
			buildConfigurationList = F48085CF1DC2F55800D22552 /* Build configuration list for PBXNativeTarget "ChuckTableViewTests" */;
			buildPhases = (
				F48085B41DC2F55800D22552 /* Sources */,
				F48085B51DC2F55800D22552 /* Frameworks */,
				F48085B61DC2F55800D22552 /* Resources */,
			);
			buildRules = (
			);
			dependencies = (
				F48085BA1DC2F55800D22552 /* PBXTargetDependency */,
			);
			name = ChuckTableViewTests;
			productName = ChuckTableViewTests;
			productReference = F48085B81DC2F55800D22552 /* ChuckTableViewTests.xctest */;
			productType = "com.apple.product-type.bundle.unit-test";
		};
		F48085C21DC2F55800D22552 /* ChuckTableViewUITests */ = {
			isa = PBXNativeTarget;
			buildConfigurationList = F48085D21DC2F55800D22552 /* Build configuration list for PBXNativeTarget "ChuckTableViewUITests" */;
			buildPhases = (
				F48085BF1DC2F55800D22552 /* Sources */,
				F48085C01DC2F55800D22552 /* Frameworks */,
				F48085C11DC2F55800D22552 /* Resources */,
			);
			buildRules = (
			);
			dependencies = (
				F48085C51DC2F55800D22552 /* PBXTargetDependency */,
			);
			name = ChuckTableViewUITests;
			productName = ChuckTableViewUITests;
			productReference = F48085C31DC2F55800D22552 /* ChuckTableViewUITests.xctest */;
			productType = "com.apple.product-type.bundle.ui-testing";
		};
/* End PBXNativeTarget section */

/* Begin PBXProject section */
		F48085971DC2F55700D22552 /* Project object */ = {
			isa = PBXProject;
			attributes = {
				LastUpgradeCheck = 0810;
				ORGANIZATIONNAME = liangdianxiong;
				TargetAttributes = {
					F480859E1DC2F55700D22552 = {
						CreatedOnToolsVersion = 8.0;
						ProvisioningStyle = Automatic;
					};
					F48085B71DC2F55800D22552 = {
						CreatedOnToolsVersion = 8.0;
						ProvisioningStyle = Automatic;
						TestTargetID = F480859E1DC2F55700D22552;
					};
					F48085C21DC2F55800D22552 = {
						CreatedOnToolsVersion = 8.0;
						ProvisioningStyle = Automatic;
						TestTargetID = F480859E1DC2F55700D22552;
					};
				};
			};
			buildConfigurationList = F480859A1DC2F55700D22552 /* Build configuration list for PBXProject "ChuckTableView" */;
			compatibilityVersion = "Xcode 3.2";
			developmentRegion = English;
			hasScannedForEncodings = 0;
			knownRegions = (
				en,
				Base,
			);
			mainGroup = F48085961DC2F55700D22552;
			productRefGroup = F48085A01DC2F55700D22552 /* Products */;
			projectDirPath = "";
			projectRoot = "";
			targets = (
				F480859E1DC2F55700D22552 /* ChuckTableView */,
				F48085B71DC2F55800D22552 /* ChuckTableViewTests */,
				F48085C21DC2F55800D22552 /* ChuckTableViewUITests */,
			);
		};
/* End PBXProject section */

/* Begin PBXResourcesBuildPhase section */
		F480859D1DC2F55700D22552 /* Resources */ = {
			isa = PBXResourcesBuildPhase;
			buildActionMask = 2147483647;
			files = (
				CA283EB31E1CEAF800202F14 /* CollectCellContent.xib in Resources */,
				CA283EC71E1D059800202F14 /* CCellAcount.xib in Resources */,
				CA283EBD1E1CF05B00202F14 /* CCellUserNum.xib in Resources */,
				F4B9DD7B1DC4CB120064A605 /* XibAutpHeightCell.xib in Resources */,
				CA283EAC1E1CE8C200202F14 /* starcart.png in Resources */,
				CA283EB81E1CEB0C00202F14 /* CollectCellBottomBar.xib in Resources */,
				F48085B21DC2F55800D22552 /* LaunchScreen.storyboard in Resources */,
				CA283EA91E1CE46500202F14 /* CollectCellTopBar.xib in Resources */,
				CA283EAE1E1CE90500202F14 /* starcardbg.png in Resources */,
				F48085AF1DC2F55800D22552 /* Assets.xcassets in Resources */,
				CA283EC21E1CF7E800202F14 /* CCellMonth.xib in Resources */,
				F48085AD1DC2F55800D22552 /* Main.storyboard in Resources */,
			);
			runOnlyForDeploymentPostprocessing = 0;
		};
		F48085B61DC2F55800D22552 /* Resources */ = {
			isa = PBXResourcesBuildPhase;
			buildActionMask = 2147483647;
			files = (
			);
			runOnlyForDeploymentPostprocessing = 0;
		};
		F48085C11DC2F55800D22552 /* Resources */ = {
			isa = PBXResourcesBuildPhase;
			buildActionMask = 2147483647;
			files = (
			);
			runOnlyForDeploymentPostprocessing = 0;
		};
/* End PBXResourcesBuildPhase section */

/* Begin PBXSourcesBuildPhase section */
		F480859B1DC2F55700D22552 /* Sources */ = {
			isa = PBXSourcesBuildPhase;
			buildActionMask = 2147483647;
			files = (
				CA283EB21E1CEAF800202F14 /* CollectCellContent.m in Sources */,
				CA45F5E11E0A6068009A0E84 /* UtilScreenSize.m in Sources */,
				CAC9D44E1E039E6700AC2842 /* ChuckLayout.m in Sources */,
				CA283EBC1E1CF05B00202F14 /* CCellUserNum.m in Sources */,
				CA45F5DC1E0A5FE0009A0E84 /* CCellHomeCell.m in Sources */,
				F48085AA1DC2F55800D22552 /* ViewController.m in Sources */,
				CAC9D44F1E039E6700AC2842 /* ChuckModel.m in Sources */,
				F48085DF1DC300E700D22552 /* ChuckCell.m in Sources */,
				CA283EB71E1CEB0C00202F14 /* CollectCellBottomBar.m in Sources */,
				CA45F5DD1E0A5FE0009A0E84 /* CCellHomeHeader.m in Sources */,
				CAC3996F1DEEBFED00252721 /* CollectController.m in Sources */,
				CA45F5E41E0A6192009A0E84 /* UIView+Metrics.m in Sources */,
				CA283EA01E1CD93C00202F14 /* EnterController.m in Sources */,
				CAC9D4521E039E6700AC2842 /* NSMutableArray+Chuck.m in Sources */,
				F48085A71DC2F55800D22552 /* AppDelegate.m in Sources */,
				CAC9D4501E039E6700AC2842 /* ChuckTableView.m in Sources */,
				CAC9D4531E039E6700AC2842 /* UICollectionReusableView+Chuck.m in Sources */,
				CA05FABA1DFE829100011EB9 /* ChuckCRView.m in Sources */,
				CAC9D44D1E039E6700AC2842 /* ChuckCollectionView.m in Sources */,
				F4B9DD7A1DC4CB120064A605 /* XibAutpHeightCell.m in Sources */,
				CA283EC61E1D059800202F14 /* CCellAcount.m in Sources */,
				CAC9D4541E039E6700AC2842 /* UICollectionViewCell+Chuck.m in Sources */,
				CA283EC11E1CF7E800202F14 /* CCellMonth.m in Sources */,
				F48085A41DC2F55700D22552 /* main.m in Sources */,
				CAC399751DEEE0A000252721 /* ChuckCCell.m in Sources */,
				F47BEB411DC5F9FA00E6F225 /* SimpleController.m in Sources */,
				CAC9D4551E039E6700AC2842 /* UITableViewCell+Chuck.m in Sources */,
				CAC9D4511E039E6700AC2842 /* HeadFootModel.m in Sources */,
				CA283EA81E1CE46500202F14 /* CollectCellTopBar.m in Sources */,
				CA45F5DE1E0A5FE0009A0E84 /* CCellTopBar.m in Sources */,
				CA283EA31E1CD9D100202F14 /* StarCardController.m in Sources */,
			);
			runOnlyForDeploymentPostprocessing = 0;
		};
		F48085B41DC2F55800D22552 /* Sources */ = {
			isa = PBXSourcesBuildPhase;
			buildActionMask = 2147483647;
			files = (
				F48085BD1DC2F55800D22552 /* ChuckTableViewTests.m in Sources */,
			);
			runOnlyForDeploymentPostprocessing = 0;
		};
		F48085BF1DC2F55800D22552 /* Sources */ = {
			isa = PBXSourcesBuildPhase;
			buildActionMask = 2147483647;
			files = (
				F48085C81DC2F55800D22552 /* ChuckTableViewUITests.m in Sources */,
			);
			runOnlyForDeploymentPostprocessing = 0;
		};
/* End PBXSourcesBuildPhase section */

/* Begin PBXTargetDependency section */
		F48085BA1DC2F55800D22552 /* PBXTargetDependency */ = {
			isa = PBXTargetDependency;
			target = F480859E1DC2F55700D22552 /* ChuckTableView */;
			targetProxy = F48085B91DC2F55800D22552 /* PBXContainerItemProxy */;
		};
		F48085C51DC2F55800D22552 /* PBXTargetDependency */ = {
			isa = PBXTargetDependency;
			target = F480859E1DC2F55700D22552 /* ChuckTableView */;
			targetProxy = F48085C41DC2F55800D22552 /* PBXContainerItemProxy */;
		};
/* End PBXTargetDependency section */

/* Begin PBXVariantGroup section */
		F48085AB1DC2F55800D22552 /* Main.storyboard */ = {
			isa = PBXVariantGroup;
			children = (
				F48085AC1DC2F55800D22552 /* Base */,
			);
			name = Main.storyboard;
			sourceTree = "<group>";
		};
		F48085B01DC2F55800D22552 /* LaunchScreen.storyboard */ = {
			isa = PBXVariantGroup;
			children = (
				F48085B11DC2F55800D22552 /* Base */,
			);
			name = LaunchScreen.storyboard;
			sourceTree = "<group>";
		};
/* End PBXVariantGroup section */

/* Begin XCBuildConfiguration section */
		F48085CA1DC2F55800D22552 /* Debug */ = {
			isa = XCBuildConfiguration;
			buildSettings = {
				ALWAYS_SEARCH_USER_PATHS = NO;
				CLANG_ANALYZER_NONNULL = YES;
				CLANG_CXX_LANGUAGE_STANDARD = "gnu++0x";
				CLANG_CXX_LIBRARY = "libc++";
				CLANG_ENABLE_MODULES = YES;
				CLANG_ENABLE_OBJC_ARC = YES;
				CLANG_WARN_BOOL_CONVERSION = YES;
				CLANG_WARN_CONSTANT_CONVERSION = YES;
				CLANG_WARN_DIRECT_OBJC_ISA_USAGE = YES_ERROR;
				CLANG_WARN_DOCUMENTATION_COMMENTS = YES;
				CLANG_WARN_EMPTY_BODY = YES;
				CLANG_WARN_ENUM_CONVERSION = YES;
				CLANG_WARN_INFINITE_RECURSION = YES;
				CLANG_WARN_INT_CONVERSION = YES;
				CLANG_WARN_OBJC_ROOT_CLASS = YES_ERROR;
				CLANG_WARN_SUSPICIOUS_MOVE = YES;
				CLANG_WARN_SUSPICIOUS_MOVES = YES;
				CLANG_WARN_UNREACHABLE_CODE = YES;
				CLANG_WARN__DUPLICATE_METHOD_MATCH = YES;
				"CODE_SIGN_IDENTITY[sdk=iphoneos*]" = "iPhone Developer";
				COPY_PHASE_STRIP = NO;
				DEBUG_INFORMATION_FORMAT = dwarf;
				ENABLE_STRICT_OBJC_MSGSEND = YES;
				ENABLE_TESTABILITY = YES;
				GCC_C_LANGUAGE_STANDARD = gnu99;
				GCC_DYNAMIC_NO_PIC = NO;
				GCC_NO_COMMON_BLOCKS = YES;
				GCC_OPTIMIZATION_LEVEL = 0;
				GCC_PREPROCESSOR_DEFINITIONS = (
					"DEBUG=1",
					"$(inherited)",
				);
				GCC_WARN_64_TO_32_BIT_CONVERSION = YES;
				GCC_WARN_ABOUT_RETURN_TYPE = YES_ERROR;
				GCC_WARN_UNDECLARED_SELECTOR = YES;
				GCC_WARN_UNINITIALIZED_AUTOS = YES_AGGRESSIVE;
				GCC_WARN_UNUSED_FUNCTION = YES;
				GCC_WARN_UNUSED_VARIABLE = YES;
				IPHONEOS_DEPLOYMENT_TARGET = 10.0;
				MTL_ENABLE_DEBUG_INFO = YES;
				ONLY_ACTIVE_ARCH = YES;
				SDKROOT = iphoneos;
				TARGETED_DEVICE_FAMILY = "1,2";
			};
			name = Debug;
		};
		F48085CB1DC2F55800D22552 /* Release */ = {
			isa = XCBuildConfiguration;
			buildSettings = {
				ALWAYS_SEARCH_USER_PATHS = NO;
				CLANG_ANALYZER_NONNULL = YES;
				CLANG_CXX_LANGUAGE_STANDARD = "gnu++0x";
				CLANG_CXX_LIBRARY = "libc++";
				CLANG_ENABLE_MODULES = YES;
				CLANG_ENABLE_OBJC_ARC = YES;
				CLANG_WARN_BOOL_CONVERSION = YES;
				CLANG_WARN_CONSTANT_CONVERSION = YES;
				CLANG_WARN_DIRECT_OBJC_ISA_USAGE = YES_ERROR;
				CLANG_WARN_DOCUMENTATION_COMMENTS = YES;
				CLANG_WARN_EMPTY_BODY = YES;
				CLANG_WARN_ENUM_CONVERSION = YES;
				CLANG_WARN_INFINITE_RECURSION = YES;
				CLANG_WARN_INT_CONVERSION = YES;
				CLANG_WARN_OBJC_ROOT_CLASS = YES_ERROR;
				CLANG_WARN_SUSPICIOUS_MOVE = YES;
				CLANG_WARN_SUSPICIOUS_MOVES = YES;
				CLANG_WARN_UNREACHABLE_CODE = YES;
				CLANG_WARN__DUPLICATE_METHOD_MATCH = YES;
				"CODE_SIGN_IDENTITY[sdk=iphoneos*]" = "iPhone Developer";
				COPY_PHASE_STRIP = NO;
				DEBUG_INFORMATION_FORMAT = "dwarf-with-dsym";
				ENABLE_NS_ASSERTIONS = NO;
				ENABLE_STRICT_OBJC_MSGSEND = YES;
				GCC_C_LANGUAGE_STANDARD = gnu99;
				GCC_NO_COMMON_BLOCKS = YES;
				GCC_WARN_64_TO_32_BIT_CONVERSION = YES;
				GCC_WARN_ABOUT_RETURN_TYPE = YES_ERROR;
				GCC_WARN_UNDECLARED_SELECTOR = YES;
				GCC_WARN_UNINITIALIZED_AUTOS = YES_AGGRESSIVE;
				GCC_WARN_UNUSED_FUNCTION = YES;
				GCC_WARN_UNUSED_VARIABLE = YES;
				IPHONEOS_DEPLOYMENT_TARGET = 10.0;
				MTL_ENABLE_DEBUG_INFO = NO;
				SDKROOT = iphoneos;
				TARGETED_DEVICE_FAMILY = "1,2";
				VALIDATE_PRODUCT = YES;
			};
			name = Release;
		};
		F48085CD1DC2F55800D22552 /* Debug */ = {
			isa = XCBuildConfiguration;
			buildSettings = {
				ASSETCATALOG_COMPILER_APPICON_NAME = AppIcon;
				INFOPLIST_FILE = ChuckTableView/Info.plist;
				LD_RUNPATH_SEARCH_PATHS = "$(inherited) @executable_path/Frameworks";
				PRODUCT_BUNDLE_IDENTIFIER = com..ChuckTableView;
				PRODUCT_NAME = "$(TARGET_NAME)";
			};
			name = Debug;
		};
		F48085CE1DC2F55800D22552 /* Release */ = {
			isa = XCBuildConfiguration;
			buildSettings = {
				ASSETCATALOG_COMPILER_APPICON_NAME = AppIcon;
				INFOPLIST_FILE = ChuckTableView/Info.plist;
				LD_RUNPATH_SEARCH_PATHS = "$(inherited) @executable_path/Frameworks";
				PRODUCT_BUNDLE_IDENTIFIER = com..ChuckTableView;
				PRODUCT_NAME = "$(TARGET_NAME)";
			};
			name = Release;
		};
		F48085D01DC2F55800D22552 /* Debug */ = {
			isa = XCBuildConfiguration;
			buildSettings = {
				BUNDLE_LOADER = "$(TEST_HOST)";
				INFOPLIST_FILE = ChuckTableViewTests/Info.plist;
				LD_RUNPATH_SEARCH_PATHS = "$(inherited) @executable_path/Frameworks @loader_path/Frameworks";
				PRODUCT_BUNDLE_IDENTIFIER = com..ChuckTableViewTests;
				PRODUCT_NAME = "$(TARGET_NAME)";
				TEST_HOST = "$(BUILT_PRODUCTS_DIR)/ChuckTableView.app/ChuckTableView";
			};
			name = Debug;
		};
		F48085D11DC2F55800D22552 /* Release */ = {
			isa = XCBuildConfiguration;
			buildSettings = {
				BUNDLE_LOADER = "$(TEST_HOST)";
				INFOPLIST_FILE = ChuckTableViewTests/Info.plist;
				LD_RUNPATH_SEARCH_PATHS = "$(inherited) @executable_path/Frameworks @loader_path/Frameworks";
				PRODUCT_BUNDLE_IDENTIFIER = com..ChuckTableViewTests;
				PRODUCT_NAME = "$(TARGET_NAME)";
				TEST_HOST = "$(BUILT_PRODUCTS_DIR)/ChuckTableView.app/ChuckTableView";
			};
			name = Release;
		};
		F48085D31DC2F55800D22552 /* Debug */ = {
			isa = XCBuildConfiguration;
			buildSettings = {
				INFOPLIST_FILE = ChuckTableViewUITests/Info.plist;
				LD_RUNPATH_SEARCH_PATHS = "$(inherited) @executable_path/Frameworks @loader_path/Frameworks";
				PRODUCT_BUNDLE_IDENTIFIER = com..ChuckTableViewUITests;
				PRODUCT_NAME = "$(TARGET_NAME)";
				TEST_TARGET_NAME = ChuckTableView;
			};
			name = Debug;
		};
		F48085D41DC2F55800D22552 /* Release */ = {
			isa = XCBuildConfiguration;
			buildSettings = {
				INFOPLIST_FILE = ChuckTableViewUITests/Info.plist;
				LD_RUNPATH_SEARCH_PATHS = "$(inherited) @executable_path/Frameworks @loader_path/Frameworks";
				PRODUCT_BUNDLE_IDENTIFIER = com..ChuckTableViewUITests;
				PRODUCT_NAME = "$(TARGET_NAME)";
				TEST_TARGET_NAME = ChuckTableView;
			};
			name = Release;
		};
/* End XCBuildConfiguration section */

/* Begin XCConfigurationList section */
		F480859A1DC2F55700D22552 /* Build configuration list for PBXProject "ChuckTableView" */ = {
			isa = XCConfigurationList;
			buildConfigurations = (
				F48085CA1DC2F55800D22552 /* Debug */,
				F48085CB1DC2F55800D22552 /* Release */,
			);
			defaultConfigurationIsVisible = 0;
			defaultConfigurationName = Release;
		};
		F48085CC1DC2F55800D22552 /* Build configuration list for PBXNativeTarget "ChuckTableView" */ = {
			isa = XCConfigurationList;
			buildConfigurations = (
				F48085CD1DC2F55800D22552 /* Debug */,
				F48085CE1DC2F55800D22552 /* Release */,
			);
			defaultConfigurationIsVisible = 0;
			defaultConfigurationName = Release;
		};
		F48085CF1DC2F55800D22552 /* Build configuration list for PBXNativeTarget "ChuckTableViewTests" */ = {
			isa = XCConfigurationList;
			buildConfigurations = (
				F48085D01DC2F55800D22552 /* Debug */,
				F48085D11DC2F55800D22552 /* Release */,
			);
			defaultConfigurationIsVisible = 0;
			defaultConfigurationName = Release;
		};
		F48085D21DC2F55800D22552 /* Build configuration list for PBXNativeTarget "ChuckTableViewUITests" */ = {
			isa = XCConfigurationList;
			buildConfigurations = (
				F48085D31DC2F55800D22552 /* Debug */,
				F48085D41DC2F55800D22552 /* Release */,
			);
			defaultConfigurationIsVisible = 0;
			defaultConfigurationName = Release;
		};
/* End XCConfigurationList section */
	};
	rootObject = F48085971DC2F55700D22552 /* Project object */;
}
